{
  "nodes": {
    "colmena-flake": {
      "locked": {
        "lastModified": 1711555067,
        "narHash": "sha256-d3mPphqdTr1HQ+PepW/srTw6rSwWMkpAE4aWQA4jzVY=",
        "owner": "juspay",
        "repo": "colmena-flake",
        "rev": "82a47a9d2b209b1e848f646928aadaadb86744b6",
        "type": "github"
      },
      "original": {
        "owner": "juspay",
        "repo": "colmena-flake",
        "type": "github"
      }
    },
    "ez-configs": {
      "inputs": {
        "flake-parts": "flake-parts",
        "nixpkgs": [
          "nixpkgs"
        ]
      },
      "locked": {
        "lastModified": 1706611666,
        "narHash": "sha256-N+SyoAEqf3QIXMYZ81kuxrOP6b0692M+hbGLHU9wf1I=",
        "owner": "ehllie",
        "repo": "ez-configs",
        "rev": "84c60a73eba0b5405943580d52b1581de5b1ee7c",
        "type": "github"
      },
      "original": {
        "owner": "ehllie",
        "repo": "ez-configs",
        "type": "github"
      }
    },
    "flake-parts": {
      "inputs": {
        "nixpkgs-lib": [
          "ez-configs",
          "nixpkgs"
        ]
      },
      "locked": {
        "lastModified": 1698882062,
        "narHash": "sha256-HkhafUayIqxXyHH1X8d9RDl1M2CkFgZLjKD3MzabiEo=",
        "owner": "hercules-ci",
        "repo": "flake-parts",
        "rev": "8c9fa2545007b49a5db5f650ae91f227672c3877",
        "type": "github"
      },
      "original": {
        "owner": "hercules-ci",
        "repo": "flake-parts",
        "type": "github"
      }
    },
    "flake-parts_2": {
      "inputs": {
        "nixpkgs-lib": "nixpkgs-lib"
      },
      "locked": {
        "lastModified": 1717285511,
        "narHash": "sha256-iKzJcpdXih14qYVcZ9QC9XuZYnPc6T8YImb6dX166kw=",
        "owner": "hercules-ci",
        "repo": "flake-parts",
        "rev": "2a55567fcf15b1b1c7ed712a2c6fadaec7412ea8",
        "type": "github"
      },
      "original": {
        "owner": "hercules-ci",
        "repo": "flake-parts",
        "type": "github"
      }
    },
    "home-manager": {
      "inputs": {
        "nixpkgs": [
          "nixpkgs"
        ]
      },
      "locked": {
        "lastModified": 1717527182,
        "narHash": "sha256-vWSkg6AMok1UUQiSYVdGMOXKD2cDFnajITiSi0Zjd1A=",
        "owner": "nix-community",
        "repo": "home-manager",
        "rev": "845a5c4c073f74105022533907703441e0464bc3",
        "type": "github"
      },
      "original": {
        "owner": "nix-community",
        "ref": "release-24.05",
        "repo": "home-manager",
        "type": "github"
      }
    },
    "nixos-hardware": {
      "locked": {
        "lastModified": 1717995329,
        "narHash": "sha256-lQJXEFHHVsFdFLx0bvoRbZH3IXUBsle6EWj9JroTJ/s=",
        "owner": "nixos",
        "repo": "nixos-hardware",
        "rev": "58b52b0dd191af70f538c707c66c682331cfdffc",
        "type": "github"
      },
      "original": {
        "owner": "nixos",
        "repo": "nixos-hardware",
        "type": "github"
      }
    },
    "nixpkgs": {
      "locked": {
        "lastModified": 1717952948,
        "narHash": "sha256-mJi4/gjiwQlSaxjA6AusXBN/6rQRaPCycR7bd8fydnQ=",
        "owner": "nixos",
        "repo": "nixpkgs",
        "rev": "2819fffa7fa42156680f0d282c60d81e8fb185b7",
        "type": "github"
      },
      "original": {
        "owner": "nixos",
        "ref": "nixos-24.05",
        "repo": "nixpkgs",
        "type": "github"
      }
    },
    "nixpkgs-lib": {
      "locked": {
        "lastModified": 1717284937,
        "narHash": "sha256-lIbdfCsf8LMFloheeE6N31+BMIeixqyQWbSr2vk79EQ=",
        "type": "tarball",
        "url": "https://github.com/NixOS/nixpkgs/archive/eb9ceca17df2ea50a250b6b27f7bf6ab0186f198.tar.gz"
      },
      "original": {
        "type": "tarball",
        "url": "https://github.com/NixOS/nixpkgs/archive/eb9ceca17df2ea50a250b6b27f7bf6ab0186f198.tar.gz"
      }
    },
    "root": {
      "inputs": {
        "colmena-flake": "colmena-flake",
        "ez-configs": "ez-configs",
        "flake-parts": "flake-parts_2",
        "home-manager": "home-manager",
        "nixos-hardware": "nixos-hardware",
        "nixpkgs": "nixpkgs"
      }
    }
  },
  "root": "root",
  "version": 7
}
